
Microsoft Visual Studio Solution File, Format Version 12.00
# Visual Studio 15
VisualStudioVersion = 15.0.28307.329
MinimumVisualStudioVersion = 10.0.40219.1
Project("{FAE04EC0-301F-11D3-BF4B-00C04F79EFBC}") = "TherapyDashboard", "TherapyDashboard\TherapyDashboard.csproj", "{19BAB779-8FBC-4582-95C3-583CF1AFAFAD}"
EndProject
Global
	GlobalSection(SolutionConfigurationPlatforms) = preSolution
		Debug|Any CPU = Debug|Any CPU
		Release|Any CPU = Release|Any CPU
	EndGlobalSection
	GlobalSection(ProjectConfigurationPlatforms) = postSolution
		{19BAB779-8FBC-4582-95C3-583CF1AFAFAD}.Debug|Any CPU.ActiveCfg = Debug|Any CPU
		{19BAB779-8FBC-4582-95C3-583CF1AFAFAD}.Debug|Any CPU.Build.0 = Debug|Any CPU
		{19BAB779-8FBC-4582-95C3-583CF1AFAFAD}.Release|Any CPU.ActiveCfg = Release|Any CPU
		{19BAB779-8FBC-4582-95C3-583CF1AFAFAD}.Release|Any CPU.Build.0 = Release|Any CPU
	EndGlobalSection
	GlobalSection(SolutionProperties) = preSolution
		HideSolutionNode = FALSE
	EndGlobalSection
	GlobalSection(ExtensibilityGlobals) = postSolution
		SolutionGuid = {FF9FA923-3BD8-4B68-BFFC-DEB01D429CAD}
	EndGlobalSection
EndGlobal
